<?xml version="1.0" encoding="utf-8"?>
<Project ToolsVersion="4.0" xmlns="http://schemas.microsoft.com/developer/msbuild/2003">
  <ItemGroup>
    <Filter Include="02. Main">
      <UniqueIdentifier>{77c407f9-6ee3-4dc3-a13d-01e68b122a5a}</UniqueIdentifier>
    </Filter>
    <Filter Include="01. 리소스 파일">
      <UniqueIdentifier>{67DA6AB6-F800-4c08-8B7A-83BB121AAD01}</UniqueIdentifier>
      <Extensions>rc;ico;cur;bmp;dlg;rc2;rct;bin;rgs;gif;jpg;jpeg;jpe;resx;tiff;tif;png;wav;mfcribbon-ms</Extensions>
    </Filter>
    <Filter Include="03. Game">
      <UniqueIdentifier>{a636f805-e515-48cc-ad34-ef952900644d}</UniqueIdentifier>
    </Filter>
    <Filter Include="03. Game\01. Header">
      <UniqueIdentifier>{1b49bd4b-f61e-427f-9a2f-7a6d799f792b}</UniqueIdentifier>
    </Filter>
    <Filter Include="03. Game\02. Engine">
      <UniqueIdentifier>{7d497ccc-e2cc-4612-ac6d-96ccfacb86f7}</UniqueIdentifier>
    </Filter>
    <Filter Include="03. Game\03. Manager">
      <UniqueIdentifier>{16f870f7-0599-48b8-8d4d-c8817160748e}</UniqueIdentifier>
    </Filter>
    <Filter Include="03. Game\05. Object">
      <UniqueIdentifier>{f8d9e644-b88f-49c5-ae14-f18d16a78744}</UniqueIdentifier>
    </Filter>
    <Filter Include="03. Game\06. Component">
      <UniqueIdentifier>{b17a1fbb-75ef-4431-8753-d003acb1c8aa}</UniqueIdentifier>
    </Filter>
    <Filter Include="03. Game\07. Asset">
      <UniqueIdentifier>{a6b396b5-f19c-47f1-ade0-6c5c22cc7448}</UniqueIdentifier>
    </Filter>
    <Filter Include="03. Game\05. Object\Player">
      <UniqueIdentifier>{58bf1ef3-134d-4d7a-9269-8ec6f998b76e}</UniqueIdentifier>
    </Filter>
    <Filter Include="03. Game\05. Object\Missile">
      <UniqueIdentifier>{73a9c7c5-01ca-43f1-99ce-eb347ff41d99}</UniqueIdentifier>
    </Filter>
    <Filter Include="03. Game\05. Object\Monster">
      <UniqueIdentifier>{c9cbf1df-dca4-4936-9e01-fe385f8a3c7b}</UniqueIdentifier>
    </Filter>
    <Filter Include="03. Game\06. Component\01. Collider">
      <UniqueIdentifier>{3bb69347-4cb0-42ef-a41b-b49b121880a5}</UniqueIdentifier>
    </Filter>
    <Filter Include="03. Game\05. Object\Tile">
      <UniqueIdentifier>{cad7d3f9-b281-41aa-bba6-e6e1b641274a}</UniqueIdentifier>
    </Filter>
    <Filter Include="03. Game\05. Object\UI">
      <UniqueIdentifier>{bf55b8ac-0f22-483e-8354-d3f9c8c3f90a}</UniqueIdentifier>
    </Filter>
    <Filter Include="03. Game\06. Component\02. Animator">
      <UniqueIdentifier>{db3ccce4-f6a2-4d5f-a0a6-324293864b14}</UniqueIdentifier>
    </Filter>
    <Filter Include="03. Game\06. Component\03. Rigidbody">
      <UniqueIdentifier>{2f7a1e2c-e513-4562-ac4d-a08cc7bafe8b}</UniqueIdentifier>
    </Filter>
    <Filter Include="03. Game\06. Component\04. FSM">
      <UniqueIdentifier>{1d2631cd-d899-4dfc-9ee7-102ebb7c5a5e}</UniqueIdentifier>
    </Filter>
    <Filter Include="03. Game\03. Manager\07. DbgRender">
      <UniqueIdentifier>{5725fd96-45fc-42c6-a870-cc16e06204e4}</UniqueIdentifier>
    </Filter>
    <Filter Include="03. Game\07. Asset\Texture">
      <UniqueIdentifier>{828ca641-0807-4a5b-b2b5-b7673680ea9f}</UniqueIdentifier>
    </Filter>
    <Filter Include="03. Game\07. Asset\Sound">
      <UniqueIdentifier>{e61d97da-84eb-49db-9570-5033a1571e76}</UniqueIdentifier>
    </Filter>
    <Filter Include="03. Game\03. Manager\01. TimeMgr">
      <UniqueIdentifier>{88e779ad-7d15-47a0-ad5d-2aca22406e57}</UniqueIdentifier>
    </Filter>
    <Filter Include="03. Game\03. Manager\03. AssetMgr">
      <UniqueIdentifier>{08273e21-fb16-46aa-84e9-ef60c0e7907e}</UniqueIdentifier>
    </Filter>
    <Filter Include="03. Game\03. Manager\05. LevelMgr">
      <UniqueIdentifier>{efd14dec-c44d-457f-b28c-130c140d4780}</UniqueIdentifier>
    </Filter>
    <Filter Include="03. Game\03. Manager\06. CollisionMgr">
      <UniqueIdentifier>{3879c091-e5e2-405a-bd4a-3d35a2bfd8cf}</UniqueIdentifier>
    </Filter>
    <Filter Include="03. Game\03. Manager\04. PathMgr">
      <UniqueIdentifier>{c7b37dd2-f8c1-47aa-b09f-82e04c829f42}</UniqueIdentifier>
    </Filter>
    <Filter Include="03. Game\03. Manager\08. TaskMgr">
      <UniqueIdentifier>{36102273-7557-4d4e-933d-e4cf71e18845}</UniqueIdentifier>
    </Filter>
    <Filter Include="03. Game\05. Object\Effect">
      <UniqueIdentifier>{b73471f7-b9f1-4a2e-9743-4a52dcc3b6ac}</UniqueIdentifier>
    </Filter>
    <Filter Include="03. Game\05. Object\Force">
      <UniqueIdentifier>{04dcd61d-7d2d-42a3-ad6a-4e2a49a87f3a}</UniqueIdentifier>
    </Filter>
    <Filter Include="03. Game\05. Object\Platform">
      <UniqueIdentifier>{6ed30d0d-55b0-4a56-b14c-3a55c282c123}</UniqueIdentifier>
    </Filter>
    <Filter Include="03. Game\03. Manager\09. Camera">
      <UniqueIdentifier>{f0391659-71a7-4a50-a813-4ff665a3f8ea}</UniqueIdentifier>
    </Filter>
    <Filter Include="03. Game\06. Component\05. TileMap">
      <UniqueIdentifier>{131c4757-28f9-42bc-af67-4c86771ac61c}</UniqueIdentifier>
    </Filter>
    <Filter Include="03. Game\05. Object\Line">
      <UniqueIdentifier>{0aaeef2b-27a6-4ee0-b892-907976837c6f}</UniqueIdentifier>
    </Filter>
    <Filter Include="03. Game\05. Object\BackGround">
      <UniqueIdentifier>{34e37779-d915-423c-8766-22b1baa9024f}</UniqueIdentifier>
    </Filter>
    <Filter Include="03. Game\05. Object\BackGround\Stage01">
      <UniqueIdentifier>{6f236aa7-b022-4bda-af15-bfc7ef56cee6}</UniqueIdentifier>
    </Filter>
    <Filter Include="03. Game\05. Object\UI\PanelUI">
      <UniqueIdentifier>{85758bc2-1361-4c6f-965b-f6297a952e9c}</UniqueIdentifier>
    </Filter>
    <Filter Include="03. Game\05. Object\UI\ButtonUI">
      <UniqueIdentifier>{c9051e7b-bc81-4c0f-92d9-cce9c41c77f9}</UniqueIdentifier>
    </Filter>
    <Filter Include="03. Game\04. Level">
      <UniqueIdentifier>{e9c418e1-7eb7-4383-b0e5-9f3d3bb90912}</UniqueIdentifier>
    </Filter>
    <Filter Include="03. Game\04. Level\01. Start_Logo">
      <UniqueIdentifier>{24b02be6-25e0-471d-a61f-a2219e7a4903}</UniqueIdentifier>
    </Filter>
    <Filter Include="03. Game\04. Level\02. Editor">
      <UniqueIdentifier>{67f9392a-1b0a-47e9-adfc-bb693d504c19}</UniqueIdentifier>
    </Filter>
    <Filter Include="03. Game\03. Manager\11. SoundMgr">
      <UniqueIdentifier>{71d71fe0-8b1c-447b-ae30-7afe60589c7f}</UniqueIdentifier>
    </Filter>
    <Filter Include="03. Game\03. Manager\10. UIMgr">
      <UniqueIdentifier>{0716cf1c-b649-4028-ae64-3c813bdde7d7}</UniqueIdentifier>
    </Filter>
    <Filter Include="03. Game\05. Object\BackGround\Logo">
      <UniqueIdentifier>{ac614a74-12a4-42e0-89e0-714c3ec07d62}</UniqueIdentifier>
    </Filter>
    <Filter Include="03. Game\04. Level\03. Animation Tool">
      <UniqueIdentifier>{848e8236-fa17-42f6-85fd-32b4c3a2cd8a}</UniqueIdentifier>
    </Filter>
    <Filter Include="03. Game\04. Level\04. Stage01">
      <UniqueIdentifier>{61999925-329b-48b8-a34f-589870b1a65a}</UniqueIdentifier>
    </Filter>
    <Filter Include="03. Game\05. Object\UI\Animation UI">
      <UniqueIdentifier>{1e7e75e6-765b-46fb-822d-6bfa86cb5ef5}</UniqueIdentifier>
    </Filter>
    <Filter Include="03. Game\05. Object\UI\Frame UI">
      <UniqueIdentifier>{9fdbffb1-dcf4-4a41-8e4a-b7a059ed08d8}</UniqueIdentifier>
    </Filter>
    <Filter Include="03. Game\05. Object\UI\Atlas UI">
      <UniqueIdentifier>{1840c539-4c49-4049-a4a5-d1388a0be22a}</UniqueIdentifier>
    </Filter>
    <Filter Include="03. Game\08. Module">
      <UniqueIdentifier>{2f78e29c-9336-486c-b36c-65d0169925a9}</UniqueIdentifier>
    </Filter>
    <Filter Include="03. Game\08. Module\Animation">
      <UniqueIdentifier>{530b1910-5da7-42b6-9f47-652606dbfefb}</UniqueIdentifier>
    </Filter>
    <Filter Include="03. Game\08. Module\State">
      <UniqueIdentifier>{960cbf8e-cb8f-4cca-82c1-a5c7edaa8620}</UniqueIdentifier>
    </Filter>
    <Filter Include="03. Game\05. Object\UI\Editor UI">
      <UniqueIdentifier>{75bf19f0-4b3f-4d19-b790-68c743d74940}</UniqueIdentifier>
    </Filter>
    <Filter Include="03. Game\05. Object\Dummy">
      <UniqueIdentifier>{790bca30-efde-4ead-ab76-1315283e8a92}</UniqueIdentifier>
    </Filter>
    <Filter Include="03. Game\05. Object\Dummy\EditorDummy">
      <UniqueIdentifier>{7c9b9015-79e4-49da-9138-62be1b55a68c}</UniqueIdentifier>
    </Filter>
    <Filter Include="03. Game\05. Object\Dummy\AnimationDummy">
      <UniqueIdentifier>{5ce48f0b-c73a-4c2a-b481-7c4be99c3db3}</UniqueIdentifier>
    </Filter>
    <Filter Include="03. Game\04. Level\05. Stage02">
      <UniqueIdentifier>{65688c43-348b-4505-b01b-35ba2441e950}</UniqueIdentifier>
    </Filter>
    <Filter Include="03. Game\03. Manager\02. KeyMgr">
      <UniqueIdentifier>{b91c806f-165a-4cbe-b98b-445800dafa01}</UniqueIdentifier>
    </Filter>
    <Filter Include="03. Game\05. Object\PlayerAttack">
      <UniqueIdentifier>{16811734-494f-45a4-a7f8-8dd4772ded5b}</UniqueIdentifier>
    </Filter>
    <Filter Include="03. Game\05. Object\PlayerAttack\Normal">
      <UniqueIdentifier>{ce4f6311-e207-4a18-aad4-a74d2658161c}</UniqueIdentifier>
    </Filter>
    <Filter Include="03. Game\05. Object\PlayerAttack\JumpAttack">
      <UniqueIdentifier>{87ae4165-3eb2-4dfd-8a06-bf79ce932366}</UniqueIdentifier>
    </Filter>
    <Filter Include="03. Game\05. Object\Effect\01. Player">
      <UniqueIdentifier>{da3a5ca9-4827-42a6-891d-9d53b98a500d}</UniqueIdentifier>
    </Filter>
    <Filter Include="03. Game\05. Object\Effect\02. Monster">
      <UniqueIdentifier>{37b85e88-581e-44da-9edf-40e267ce660f}</UniqueIdentifier>
    </Filter>
    <Filter Include="03. Game\05. Object\Effect\03. Trap">
      <UniqueIdentifier>{f82fa1b8-bcda-470a-b110-a03ee53c3561}</UniqueIdentifier>
    </Filter>
    <Filter Include="03. Game\05. Object\Effect\04. Boss">
      <UniqueIdentifier>{93f04d88-c1c2-4b7d-b43f-56b611f1d24e}</UniqueIdentifier>
    </Filter>
    <Filter Include="03. Game\08. Module\State\02. MonsterState">
      <UniqueIdentifier>{9b4ea930-9f85-4388-815d-12dc82dfa27c}</UniqueIdentifier>
    </Filter>
    <Filter Include="03. Game\08. Module\State\02. MonsterState\01. Mettool">
      <UniqueIdentifier>{39b0796e-af4f-4a45-9c03-d4542a04e0a6}</UniqueIdentifier>
    </Filter>
    <Filter Include="03. Game\08. Module\State\02. MonsterState\01. Mettool\02. Patrol">
      <UniqueIdentifier>{cc832ed6-604f-4b03-a2d8-9e77cb598ac0}</UniqueIdentifier>
    </Filter>
    <Filter Include="03. Game\08. Module\State\02. MonsterState\01. Mettool\03. Attack">
      <UniqueIdentifier>{06fd7ffb-6ce0-4051-95ed-af3cdf531b49}</UniqueIdentifier>
    </Filter>
    <Filter Include="03. Game\08. Module\State\02. MonsterState\01. Mettool\01. Idle">
      <UniqueIdentifier>{014e43ce-41c9-4046-ab17-53fce0d3b34d}</UniqueIdentifier>
    </Filter>
    <Filter Include="03. Game\08. Module\State\01. PlayerState">
      <UniqueIdentifier>{00d877af-baf4-4d11-8bc4-0e02f49f152a}</UniqueIdentifier>
    </Filter>
    <Filter Include="03. Game\08. Module\State\01. PlayerState\State">
      <UniqueIdentifier>{8786adcd-f64e-48e6-8334-dd0ec69680fd}</UniqueIdentifier>
    </Filter>
    <Filter Include="03. Game\08. Module\State\01. PlayerState\State\06. Attack">
      <UniqueIdentifier>{40b148f2-8c8b-4d2d-92ec-deeb5e5711fa}</UniqueIdentifier>
    </Filter>
    <Filter Include="03. Game\08. Module\State\01. PlayerState\State\01. Start">
      <UniqueIdentifier>{f50e2091-34cf-4f49-a955-4398b56f22b5}</UniqueIdentifier>
    </Filter>
    <Filter Include="03. Game\08. Module\State\01. PlayerState\State\02. Idle">
      <UniqueIdentifier>{6dfb9e55-f7f4-41e3-bd1e-5881c6e91f5b}</UniqueIdentifier>
    </Filter>
    <Filter Include="03. Game\08. Module\State\01. PlayerState\State\03. Move">
      <UniqueIdentifier>{72234b49-d3a4-4177-951c-40159316b461}</UniqueIdentifier>
    </Filter>
    <Filter Include="03. Game\08. Module\State\01. PlayerState\State\04. Jump">
      <UniqueIdentifier>{df5942ec-096a-4ba5-aacd-97752de790b8}</UniqueIdentifier>
    </Filter>
    <Filter Include="03. Game\08. Module\State\01. PlayerState\State\05. Wall">
      <UniqueIdentifier>{0cd9c81c-bad7-4482-8840-61a22306be0d}</UniqueIdentifier>
    </Filter>
    <Filter Include="03. Game\08. Module\State\01. PlayerState\State\07. Block">
      <UniqueIdentifier>{91649966-4300-4a17-8433-ed82fce1e07d}</UniqueIdentifier>
    </Filter>
    <Filter Include="03. Game\05. Object\Effect\02. Monster\01. Dead">
      <UniqueIdentifier>{7b76966e-bca7-484f-a4b3-2f30155f914d}</UniqueIdentifier>
    </Filter>
    <Filter Include="03. Game\08. Module\State\02. MonsterState\02. Raiden">
      <UniqueIdentifier>{f35d9cdd-58bb-4ef8-9393-7294a6b9f4b5}</UniqueIdentifier>
    </Filter>
    <Filter Include="03. Game\08. Module\State\02. MonsterState\03. GigaDeath">
      <UniqueIdentifier>{11350b50-6ebf-444b-970c-95389d514dc8}</UniqueIdentifier>
    </Filter>
    <Filter Include="03. Game\08. Module\State\02. MonsterState\04. Batton">
      <UniqueIdentifier>{176331eb-dd65-4c92-bb52-ae26bf8614db}</UniqueIdentifier>
    </Filter>
    <Filter Include="03. Game\05. Object\Monster\02. Batton">
      <UniqueIdentifier>{29584008-2810-4b5b-94ad-482533652871}</UniqueIdentifier>
    </Filter>
    <Filter Include="03. Game\05. Object\Monster\04. GigaDeath">
      <UniqueIdentifier>{314064ed-dcf1-4b1b-bcf4-dc49d545e38b}</UniqueIdentifier>
    </Filter>
    <Filter Include="03. Game\05. Object\Monster\01. Mettool">
      <UniqueIdentifier>{7f7287f1-bc97-4df2-b091-b1315a9c62bc}</UniqueIdentifier>
    </Filter>
    <Filter Include="03. Game\05. Object\Monster\03. Raiden">
      <UniqueIdentifier>{7630c326-82b4-44a4-96cb-4195c44d3e23}</UniqueIdentifier>
    </Filter>
  </ItemGroup>
  <ItemGroup>
    <ClInclude Include="framework.h">
      <Filter>02. Main</Filter>
    </ClInclude>
    <ClInclude Include="GameClient.h">
      <Filter>02. Main</Filter>
    </ClInclude>
    <ClInclude Include="Resource.h">
      <Filter>02. Main</Filter>
    </ClInclude>
    <ClInclude Include="targetver.h">
      <Filter>02. Main</Filter>
    </ClInclude>
    <ClInclude Include="CEntity.h">
      <Filter>03. Game</Filter>
    </ClInclude>
    <ClInclude Include="pch.h">
      <Filter>02. Main</Filter>
    </ClInclude>
    <ClInclude Include="CObj.h">
      <Filter>03. Game\05. Object</Filter>
    </ClInclude>
    <ClInclude Include="CEngine.h">
      <Filter>03. Game\02. Engine</Filter>
    </ClInclude>
    <ClInclude Include="define.h">
      <Filter>03. Game\01. Header</Filter>
    </ClInclude>
    <ClInclude Include="enum.h">
      <Filter>03. Game\01. Header</Filter>
    </ClInclude>
    <ClInclude Include="CSelectObj.h">
      <Filter>03. Game\08. Module</Filter>
    </ClInclude>
    <ClInclude Include="CLevel.h">
      <Filter>03. Game\04. Level</Filter>
    </ClInclude>
    <ClInclude Include="CLevelMgr.h">
      <Filter>03. Game\03. Manager\05. LevelMgr</Filter>
    </ClInclude>
    <ClInclude Include="CLevel_Stage01.h">
      <Filter>03. Game\04. Level\04. Stage01</Filter>
    </ClInclude>
    <ClInclude Include="struct.h">
      <Filter>03. Game\01. Header</Filter>
    </ClInclude>
    <ClInclude Include="CTimeMgr.h">
      <Filter>03. Game\03. Manager\01. TimeMgr</Filter>
    </ClInclude>
    <ClInclude Include="CPlayer.h">
      <Filter>03. Game\05. Object\Player</Filter>
    </ClInclude>
    <ClInclude Include="func.h">
      <Filter>03. Game\01. Header</Filter>
    </ClInclude>
    <ClInclude Include="CMissile.h">
      <Filter>03. Game\05. Object\Missile</Filter>
    </ClInclude>
    <ClInclude Include="CKeyMgr.h">
      <Filter>03. Game\03. Manager\02. KeyMgr</Filter>
    </ClInclude>
    <ClInclude Include="CComponent.h">
      <Filter>03. Game\06. Component</Filter>
    </ClInclude>
    <ClInclude Include="CCollider.h">
      <Filter>03. Game\06. Component\01. Collider</Filter>
    </ClInclude>
    <ClInclude Include="CAnimator.h">
      <Filter>03. Game\06. Component\02. Animator</Filter>
    </ClInclude>
    <ClInclude Include="CFSM.h">
      <Filter>03. Game\06. Component\04. FSM</Filter>
    </ClInclude>
    <ClInclude Include="CDbgRender.h">
      <Filter>03. Game\03. Manager\07. DbgRender</Filter>
    </ClInclude>
    <ClInclude Include="CCollisionMgr.h">
      <Filter>03. Game\03. Manager\06. CollisionMgr</Filter>
    </ClInclude>
    <ClInclude Include="CAssetMgr.h">
      <Filter>03. Game\03. Manager\03. AssetMgr</Filter>
    </ClInclude>
    <ClInclude Include="CAsset.h">
      <Filter>03. Game\07. Asset</Filter>
    </ClInclude>
    <ClInclude Include="CTexture.h">
      <Filter>03. Game\07. Asset\Texture</Filter>
    </ClInclude>
    <ClInclude Include="CSound.h">
      <Filter>03. Game\07. Asset\Sound</Filter>
    </ClInclude>
    <ClInclude Include="CPathMgr.h">
      <Filter>03. Game\03. Manager\04. PathMgr</Filter>
    </ClInclude>
    <ClInclude Include="CTaskMgr.h">
      <Filter>03. Game\03. Manager\08. TaskMgr</Filter>
    </ClInclude>
    <ClInclude Include="CAnimation.h">
      <Filter>03. Game\08. Module\Animation</Filter>
    </ClInclude>
    <ClInclude Include="CForce.h">
      <Filter>03. Game\05. Object\Force</Filter>
    </ClInclude>
    <ClInclude Include="CPlatform.h">
      <Filter>03. Game\05. Object\Platform</Filter>
    </ClInclude>
    <ClInclude Include="CCamera.h">
      <Filter>03. Game\03. Manager\09. Camera</Filter>
    </ClInclude>
    <ClInclude Include="CState.h">
      <Filter>03. Game\08. Module\State</Filter>
    </ClInclude>
    <ClInclude Include="CMonsterIDLE.h">
      <Filter>03. Game\08. Module\State\02. MonsterState</Filter>
    </ClInclude>
    <ClInclude Include="CMonsterTrace.h">
      <Filter>03. Game\08. Module\State\02. MonsterState</Filter>
    </ClInclude>
    <ClInclude Include="CLevel_Editor.h">
      <Filter>03. Game\04. Level\02. Editor</Filter>
    </ClInclude>
    <ClInclude Include="CTile.h">
      <Filter>03. Game\05. Object\Tile</Filter>
    </ClInclude>
    <ClInclude Include="CTileMap.h">
      <Filter>03. Game\06. Component\05. TileMap</Filter>
    </ClInclude>
    <ClInclude Include="CLine.h">
      <Filter>03. Game\05. Object\Line</Filter>
    </ClInclude>
    <ClInclude Include="CUI.h">
      <Filter>03. Game\05. Object\UI</Filter>
    </ClInclude>
    <ClInclude Include="CUIMgr.h">
      <Filter>03. Game\03. Manager\10. UIMgr</Filter>
    </ClInclude>
    <ClInclude Include="CBackGround.h">
      <Filter>03. Game\05. Object\BackGround</Filter>
    </ClInclude>
    <ClInclude Include="CStage01.h">
      <Filter>03. Game\05. Object\BackGround\Stage01</Filter>
    </ClInclude>
    <ClInclude Include="CPanel.h">
      <Filter>03. Game\05. Object\UI\PanelUI</Filter>
    </ClInclude>
    <ClInclude Include="CButton.h">
      <Filter>03. Game\05. Object\UI\ButtonUI</Filter>
    </ClInclude>
    <ClInclude Include="CSoundMgr.h">
      <Filter>03. Game\03. Manager\11. SoundMgr</Filter>
    </ClInclude>
    <ClInclude Include="CLevel_Logo.h">
      <Filter>03. Game\04. Level\01. Start_Logo</Filter>
    </ClInclude>
    <ClInclude Include="CLogo.h">
      <Filter>03. Game\05. Object\BackGround\Logo</Filter>
    </ClInclude>
    <ClInclude Include="CLevel_AnimTool.h">
      <Filter>03. Game\04. Level\03. Animation Tool</Filter>
    </ClInclude>
    <ClInclude Include="CAtlasUI.h">
      <Filter>03. Game\05. Object\UI\Atlas UI</Filter>
    </ClInclude>
    <ClInclude Include="CAnimationUI.h">
      <Filter>03. Game\05. Object\UI\Animation UI</Filter>
    </ClInclude>
    <ClInclude Include="CFrameUI.h">
      <Filter>03. Game\05. Object\UI\Frame UI</Filter>
    </ClInclude>
    <ClInclude Include="CDummy.h">
      <Filter>03. Game\05. Object\Dummy\AnimationDummy</Filter>
    </ClInclude>
    <ClInclude Include="CEditorUI.h">
      <Filter>03. Game\05. Object\UI\Editor UI</Filter>
    </ClInclude>
    <ClInclude Include="CEditor_Dummy.h">
      <Filter>03. Game\05. Object\Dummy\EditorDummy</Filter>
    </ClInclude>
    <ClInclude Include="CState_Player.h">
      <Filter>03. Game\08. Module\State\01. PlayerState</Filter>
    </ClInclude>
    <ClInclude Include="CState_Attack01.h">
      <Filter>03. Game\08. Module\State\01. PlayerState\State\06. Attack</Filter>
    </ClInclude>
    <ClInclude Include="CState_Attack03.h">
      <Filter>03. Game\08. Module\State\01. PlayerState\State\06. Attack</Filter>
    </ClInclude>
    <ClInclude Include="CState_Fall.h">
      <Filter>03. Game\08. Module\State\01. PlayerState\State\04. Jump</Filter>
    </ClInclude>
    <ClInclude Include="CState_Fastfall.h">
      <Filter>03. Game\08. Module\State\01. PlayerState\State\04. Jump</Filter>
    </ClInclude>
    <ClInclude Include="CState_Jump.h">
      <Filter>03. Game\08. Module\State\01. PlayerState\State\04. Jump</Filter>
    </ClInclude>
    <ClInclude Include="CState_Landing.h">
      <Filter>03. Game\08. Module\State\01. PlayerState\State\04. Jump</Filter>
    </ClInclude>
    <ClInclude Include="CState_Enter.h">
      <Filter>03. Game\08. Module\State\01. PlayerState\State\01. Start</Filter>
    </ClInclude>
    <ClInclude Include="CState_Start.h">
      <Filter>03. Game\08. Module\State\01. PlayerState\State\01. Start</Filter>
    </ClInclude>
    <ClInclude Include="CState_Rakuouha.h">
      <Filter>03. Game\08. Module\State\01. PlayerState\State\06. Attack</Filter>
    </ClInclude>
    <ClInclude Include="CState_WallIdle.h">
      <Filter>03. Game\08. Module\State\01. PlayerState\State\05. Wall</Filter>
    </ClInclude>
    <ClInclude Include="CState_Dash.h">
      <Filter>03. Game\08. Module\State\01. PlayerState\State\03. Move</Filter>
    </ClInclude>
    <ClInclude Include="CState_Move.h">
      <Filter>03. Game\08. Module\State\01. PlayerState\State\03. Move</Filter>
    </ClInclude>
    <ClInclude Include="CState_Idle.h">
      <Filter>03. Game\08. Module\State\01. PlayerState\State\02. Idle</Filter>
    </ClInclude>
    <ClInclude Include="CState_Block.h">
      <Filter>03. Game\08. Module\State\01. PlayerState\State\07. Block</Filter>
    </ClInclude>
    <ClInclude Include="CState_WallKick.h">
      <Filter>03. Game\08. Module\State\01. PlayerState\State\05. Wall</Filter>
    </ClInclude>
    <ClInclude Include="CRigidBody.h">
      <Filter>03. Game\06. Component\03. Rigidbody</Filter>
    </ClInclude>
    <ClInclude Include="CState_WallEnter.h">
      <Filter>03. Game\08. Module\State\01. PlayerState\State\05. Wall</Filter>
    </ClInclude>
    <ClInclude Include="CPlayer_Attack.h">
      <Filter>03. Game\05. Object\PlayerAttack\Normal</Filter>
    </ClInclude>
    <ClInclude Include="CPlayer_JumpAttack.h">
      <Filter>03. Game\05. Object\PlayerAttack\JumpAttack</Filter>
    </ClInclude>
    <ClInclude Include="CState_Attack02.h">
      <Filter>03. Game\08. Module\State\01. PlayerState\State\06. Attack</Filter>
    </ClInclude>
    <ClInclude Include="CMonster_Mettool.h">
      <Filter>03. Game\05. Object\Monster\01. Mettool</Filter>
    </ClInclude>
    <ClInclude Include="CState_Mettool.h">
      <Filter>03. Game\08. Module\State\02. MonsterState\01. Mettool</Filter>
    </ClInclude>
    <ClInclude Include="CMettool_Patrol.h">
      <Filter>03. Game\08. Module\State\02. MonsterState\01. Mettool\02. Patrol</Filter>
    </ClInclude>
    <ClInclude Include="CMettool_Attack.h">
      <Filter>03. Game\08. Module\State\02. MonsterState\01. Mettool\03. Attack</Filter>
    </ClInclude>
    <ClInclude Include="CMettool_Idle.h">
      <Filter>03. Game\08. Module\State\02. MonsterState\01. Mettool\01. Idle</Filter>
    </ClInclude>
    <ClInclude Include="CEffect_Dash.h">
      <Filter>03. Game\05. Object\Effect\01. Player</Filter>
    </ClInclude>
    <ClInclude Include="CEffect_MonsterDead.h">
      <Filter>03. Game\05. Object\Effect\02. Monster\01. Dead</Filter>
    </ClInclude>
    <ClInclude Include="CMonster.h">
      <Filter>03. Game\05. Object\Monster</Filter>
    </ClInclude>
    <ClInclude Include="CMonster_Raiden.h">
      <Filter>03. Game\05. Object\Monster\03. Raiden</Filter>
    </ClInclude>
    <ClInclude Include="CMonster_GigaDeath.h">
      <Filter>03. Game\05. Object\Monster\04. GigaDeath</Filter>
    </ClInclude>
    <ClInclude Include="CMonster_Batton.h">
      <Filter>03. Game\05. Object\Monster\02. Batton</Filter>
    </ClInclude>
  </ItemGroup>
  <ItemGroup>
    <ResourceCompile Include="GameClient.rc">
      <Filter>01. 리소스 파일</Filter>
    </ResourceCompile>
  </ItemGroup>
  <ItemGroup>
    <Image Include="small.ico">
      <Filter>01. 리소스 파일</Filter>
    </Image>
    <Image Include="GameClient.ico">
      <Filter>01. 리소스 파일</Filter>
    </Image>
  </ItemGroup>
  <ItemGroup>
    <ClCompile Include="main.cpp">
      <Filter>02. Main</Filter>
    </ClCompile>
    <ClCompile Include="CEntity.cpp">
      <Filter>03. Game</Filter>
    </ClCompile>
    <ClCompile Include="pch.cpp">
      <Filter>02. Main</Filter>
    </ClCompile>
    <ClCompile Include="CObj.cpp">
      <Filter>03. Game\05. Object</Filter>
    </ClCompile>
    <ClCompile Include="CEngine.cpp">
      <Filter>03. Game\02. Engine</Filter>
    </ClCompile>
    <ClCompile Include="CSelectObj.cpp">
      <Filter>03. Game\08. Module</Filter>
    </ClCompile>
    <ClCompile Include="CLevel.cpp">
      <Filter>03. Game\04. Level</Filter>
    </ClCompile>
    <ClCompile Include="CLevelMgr.cpp">
      <Filter>03. Game\03. Manager\05. LevelMgr</Filter>
    </ClCompile>
    <ClCompile Include="CLevel_Stage01.cpp">
      <Filter>03. Game\04. Level\04. Stage01</Filter>
    </ClCompile>
    <ClCompile Include="CTimeMgr.cpp">
      <Filter>03. Game\03. Manager\01. TimeMgr</Filter>
    </ClCompile>
    <ClCompile Include="CPlayer.cpp">
      <Filter>03. Game\05. Object\Player</Filter>
    </ClCompile>
    <ClCompile Include="CMissile.cpp">
      <Filter>03. Game\05. Object\Missile</Filter>
    </ClCompile>
    <ClCompile Include="CKeyMgr.cpp">
      <Filter>03. Game\03. Manager\02. KeyMgr</Filter>
    </ClCompile>
    <ClCompile Include="CComponent.cpp">
      <Filter>03. Game\06. Component</Filter>
    </ClCompile>
    <ClCompile Include="CMonster.cpp">
      <Filter>03. Game\05. Object\Monster</Filter>
    </ClCompile>
    <ClCompile Include="CCollider.cpp">
      <Filter>03. Game\06. Component\01. Collider</Filter>
    </ClCompile>
    <ClCompile Include="CAnimator.cpp">
      <Filter>03. Game\06. Component\02. Animator</Filter>
    </ClCompile>
    <ClCompile Include="CRigidBody.cpp">
      <Filter>03. Game\06. Component\03. Rigidbody</Filter>
    </ClCompile>
    <ClCompile Include="CFSM.cpp">
      <Filter>03. Game\06. Component\04. FSM</Filter>
    </ClCompile>
    <ClCompile Include="CDbgRender.cpp">
      <Filter>03. Game\03. Manager\07. DbgRender</Filter>
    </ClCompile>
    <ClCompile Include="CCollisionMgr.cpp">
      <Filter>03. Game\03. Manager\06. CollisionMgr</Filter>
    </ClCompile>
    <ClCompile Include="CAssetMgr.cpp">
      <Filter>03. Game\03. Manager\03. AssetMgr</Filter>
    </ClCompile>
    <ClCompile Include="CAsset.cpp">
      <Filter>03. Game\07. Asset</Filter>
    </ClCompile>
    <ClCompile Include="CTexture.cpp">
      <Filter>03. Game\07. Asset\Texture</Filter>
    </ClCompile>
    <ClCompile Include="CSound.cpp">
      <Filter>03. Game\07. Asset\Sound</Filter>
    </ClCompile>
    <ClCompile Include="func.cpp">
      <Filter>03. Game\01. Header</Filter>
    </ClCompile>
    <ClCompile Include="CPathMgr.cpp">
      <Filter>03. Game\03. Manager\04. PathMgr</Filter>
    </ClCompile>
    <ClCompile Include="CTaskMgr.cpp">
      <Filter>03. Game\03. Manager\08. TaskMgr</Filter>
    </ClCompile>
    <ClCompile Include="CAnimation.cpp">
      <Filter>03. Game\08. Module\Animation</Filter>
    </ClCompile>
    <ClCompile Include="CForce.cpp">
      <Filter>03. Game\05. Object\Force</Filter>
    </ClCompile>
    <ClCompile Include="CPlatform.cpp">
      <Filter>03. Game\05. Object\Platform</Filter>
    </ClCompile>
    <ClCompile Include="CCamera.cpp">
      <Filter>03. Game\03. Manager\09. Camera</Filter>
    </ClCompile>
    <ClCompile Include="CState.cpp">
      <Filter>03. Game\08. Module\State</Filter>
    </ClCompile>
    <ClCompile Include="CMonsterIDLE.cpp">
      <Filter>03. Game\08. Module\State\02. MonsterState</Filter>
    </ClCompile>
    <ClCompile Include="CMonsterTrace.cpp">
      <Filter>03. Game\08. Module\State\02. MonsterState</Filter>
    </ClCompile>
    <ClCompile Include="CLevel_Editor.cpp">
      <Filter>03. Game\04. Level\02. Editor</Filter>
    </ClCompile>
    <ClCompile Include="CTile.cpp">
      <Filter>03. Game\05. Object\Tile</Filter>
    </ClCompile>
    <ClCompile Include="CTileMap.cpp">
      <Filter>03. Game\06. Component\05. TileMap</Filter>
    </ClCompile>
    <ClCompile Include="CLine.cpp">
      <Filter>03. Game\05. Object\Line</Filter>
    </ClCompile>
    <ClCompile Include="CUI.cpp">
      <Filter>03. Game\05. Object\UI</Filter>
    </ClCompile>
    <ClCompile Include="CUIMgr.cpp">
      <Filter>03. Game\03. Manager\10. UIMgr</Filter>
    </ClCompile>
    <ClCompile Include="CBackGround.cpp">
      <Filter>03. Game\05. Object\BackGround</Filter>
    </ClCompile>
    <ClCompile Include="CStage01.cpp">
      <Filter>03. Game\05. Object\BackGround\Stage01</Filter>
    </ClCompile>
    <ClCompile Include="CPanel.cpp">
      <Filter>03. Game\05. Object\UI\PanelUI</Filter>
    </ClCompile>
    <ClCompile Include="CButton.cpp">
      <Filter>03. Game\05. Object\UI\ButtonUI</Filter>
    </ClCompile>
    <ClCompile Include="CSoundMgr.cpp">
      <Filter>03. Game\03. Manager\11. SoundMgr</Filter>
    </ClCompile>
    <ClCompile Include="CLevel_Logo.cpp">
      <Filter>03. Game\04. Level\01. Start_Logo</Filter>
    </ClCompile>
    <ClCompile Include="CLogo.cpp">
      <Filter>03. Game\05. Object\BackGround\Logo</Filter>
    </ClCompile>
    <ClCompile Include="CLevel_AnimTool.cpp">
      <Filter>03. Game\04. Level\03. Animation Tool</Filter>
    </ClCompile>
    <ClCompile Include="CAtlasUI.cpp">
      <Filter>03. Game\05. Object\UI\Atlas UI</Filter>
    </ClCompile>
    <ClCompile Include="CAnimationUI.cpp">
      <Filter>03. Game\05. Object\UI\Animation UI</Filter>
    </ClCompile>
    <ClCompile Include="CFrameUI.cpp">
      <Filter>03. Game\05. Object\UI\Frame UI</Filter>
    </ClCompile>
    <ClCompile Include="CDummy.cpp">
      <Filter>03. Game\05. Object\Dummy\AnimationDummy</Filter>
    </ClCompile>
    <ClCompile Include="CEditorUI.cpp">
      <Filter>03. Game\05. Object\UI\Editor UI</Filter>
    </ClCompile>
    <ClCompile Include="CEditor_Dummy.cpp">
      <Filter>03. Game\05. Object\Dummy\EditorDummy</Filter>
    </ClCompile>
    <ClCompile Include="CState_Player.cpp">
      <Filter>03. Game\08. Module\State\01. PlayerState</Filter>
    </ClCompile>
    <ClCompile Include="CState_Attack01.cpp">
      <Filter>03. Game\08. Module\State\01. PlayerState\State\06. Attack</Filter>
    </ClCompile>
    <ClCompile Include="CState_Attack02.cpp">
      <Filter>03. Game\08. Module\State\01. PlayerState\State\06. Attack</Filter>
    </ClCompile>
    <ClCompile Include="CState_Attack03.cpp">
      <Filter>03. Game\08. Module\State\01. PlayerState\State\06. Attack</Filter>
    </ClCompile>
    <ClCompile Include="CState_Fall.cpp">
      <Filter>03. Game\08. Module\State\01. PlayerState\State\04. Jump</Filter>
    </ClCompile>
    <ClCompile Include="CState_Fastfall.cpp">
      <Filter>03. Game\08. Module\State\01. PlayerState\State\04. Jump</Filter>
    </ClCompile>
    <ClCompile Include="CState_Jump.cpp">
      <Filter>03. Game\08. Module\State\01. PlayerState\State\04. Jump</Filter>
    </ClCompile>
    <ClCompile Include="CState_Landing.cpp">
      <Filter>03. Game\08. Module\State\01. PlayerState\State\04. Jump</Filter>
    </ClCompile>
    <ClCompile Include="CState_Enter.cpp">
      <Filter>03. Game\08. Module\State\01. PlayerState\State\01. Start</Filter>
    </ClCompile>
    <ClCompile Include="CState_Start.cpp">
      <Filter>03. Game\08. Module\State\01. PlayerState\State\01. Start</Filter>
    </ClCompile>
    <ClCompile Include="CState_Rakuouha.cpp">
      <Filter>03. Game\08. Module\State\01. PlayerState\State\06. Attack</Filter>
    </ClCompile>
    <ClCompile Include="CState_WallEnter.cpp">
      <Filter>03. Game\08. Module\State\01. PlayerState\State\05. Wall</Filter>
    </ClCompile>
    <ClCompile Include="CState_WallIdle.cpp">
      <Filter>03. Game\08. Module\State\01. PlayerState\State\05. Wall</Filter>
    </ClCompile>
    <ClCompile Include="CState_Dash.cpp">
      <Filter>03. Game\08. Module\State\01. PlayerState\State\03. Move</Filter>
    </ClCompile>
    <ClCompile Include="CState_Move.cpp">
      <Filter>03. Game\08. Module\State\01. PlayerState\State\03. Move</Filter>
    </ClCompile>
    <ClCompile Include="CState_Idle.cpp">
      <Filter>03. Game\08. Module\State\01. PlayerState\State\02. Idle</Filter>
    </ClCompile>
    <ClCompile Include="CState_Block.cpp">
      <Filter>03. Game\08. Module\State\01. PlayerState\State\07. Block</Filter>
    </ClCompile>
    <ClCompile Include="CState_WallKick.cpp">
      <Filter>03. Game\08. Module\State\01. PlayerState\State\05. Wall</Filter>
    </ClCompile>
    <ClCompile Include="CPlayer_Attack.cpp">
      <Filter>03. Game\05. Object\PlayerAttack\Normal</Filter>
    </ClCompile>
    <ClCompile Include="CPlayer_JumpAttack.cpp">
      <Filter>03. Game\05. Object\PlayerAttack\JumpAttack</Filter>
    </ClCompile>
    <ClCompile Include="CMonster_Mettool.cpp">
      <Filter>03. Game\05. Object\Monster\01. Mettool</Filter>
    </ClCompile>
    <ClCompile Include="CState_Mettool.cpp">
      <Filter>03. Game\08. Module\State\02. MonsterState\01. Mettool</Filter>
    </ClCompile>
    <ClCompile Include="CMettool_Patrol.cpp">
      <Filter>03. Game\08. Module\State\02. MonsterState\01. Mettool\02. Patrol</Filter>
    </ClCompile>
    <ClCompile Include="CMettool_Attack.cpp">
      <Filter>03. Game\08. Module\State\02. MonsterState\01. Mettool\03. Attack</Filter>
    </ClCompile>
    <ClCompile Include="CMettool_Idle.cpp">
      <Filter>03. Game\08. Module\State\02. MonsterState\01. Mettool\01. Idle</Filter>
    </ClCompile>
    <ClCompile Include="CEffect_Dash.cpp">
      <Filter>03. Game\05. Object\Effect\01. Player</Filter>
    </ClCompile>
    <ClCompile Include="CEffect_MonsterDead.cpp">
      <Filter>03. Game\05. Object\Effect\02. Monster\01. Dead</Filter>
    </ClCompile>
    <ClCompile Include="CMonster_Raiden.cpp">
      <Filter>03. Game\05. Object\Monster\03. Raiden</Filter>
    </ClCompile>
    <ClCompile Include="CMonster_GigaDeath.cpp">
      <Filter>03. Game\05. Object\Monster\04. GigaDeath</Filter>
    </ClCompile>
    <ClCompile Include="CMonster_Batton.cpp">
      <Filter>03. Game\05. Object\Monster\02. Batton</Filter>
    </ClCompile>
  </ItemGroup>
  <ItemGroup>
    <None Include="ClassDiagram.cd" />
  </ItemGroup>
</Project>